
Microsoft Visual Studio Solution File, Format Version 11.00
# Visual Studio 2010
Project("{FAE04EC0-301F-11D3-BF4B-00C04F79EFBC}") = "Assembly-CSharp", "Assembly-CSharp.csproj", "{3519504C-F0A9-B146-31C5-2BD7ABBFDF60}"
EndProject
Project("{FAE04EC0-301F-11D3-BF4B-00C04F79EFBC}") = "NativeShare.Runtime", "NativeShare.Runtime.csproj", "{0F0BD0D5-041B-85C4-0429-68503751D048}"
EndProject
Project("{FAE04EC0-301F-11D3-BF4B-00C04F79EFBC}") = "NativeShare.Editor", "NativeShare.Editor.csproj", "{A653A328-A545-60F5-60AE-63A21FF7CC42}"
EndProject
Global
	GlobalSection(SolutionConfigurationPlatforms) = preSolution
		Debug|Any CPU = Debug|Any CPU
		Release|Any CPU = Release|Any CPU
	EndGlobalSection
	GlobalSection(ProjectConfigurationPlatforms) = postSolution
		{3519504C-F0A9-B146-31C5-2BD7ABBFDF60}.Debug|Any CPU.ActiveCfg = Debug|Any CPU
		{3519504C-F0A9-B146-31C5-2BD7ABBFDF60}.Debug|Any CPU.Build.0 = Debug|Any CPU
		{3519504C-F0A9-B146-31C5-2BD7ABBFDF60}.Release|Any CPU.ActiveCfg = Release|Any CPU
		{3519504C-F0A9-B146-31C5-2BD7ABBFDF60}.Release|Any CPU.Build.0 = Release|Any CPU
		{0F0BD0D5-041B-85C4-0429-68503751D048}.Debug|Any CPU.ActiveCfg = Debug|Any CPU
		{0F0BD0D5-041B-85C4-0429-68503751D048}.Debug|Any CPU.Build.0 = Debug|Any CPU
		{0F0BD0D5-041B-85C4-0429-68503751D048}.Release|Any CPU.ActiveCfg = Release|Any CPU
		{0F0BD0D5-041B-85C4-0429-68503751D048}.Release|Any CPU.Build.0 = Release|Any CPU
		{A653A328-A545-60F5-60AE-63A21FF7CC42}.Debug|Any CPU.ActiveCfg = Debug|Any CPU
		{A653A328-A545-60F5-60AE-63A21FF7CC42}.Debug|Any CPU.Build.0 = Debug|Any CPU
		{A653A328-A545-60F5-60AE-63A21FF7CC42}.Release|Any CPU.ActiveCfg = Release|Any CPU
		{A653A328-A545-60F5-60AE-63A21FF7CC42}.Release|Any CPU.Build.0 = Release|Any CPU
	EndGlobalSection
	GlobalSection(SolutionProperties) = preSolution
		HideSolutionNode = FALSE
	EndGlobalSection
EndGlobal
